
Microsoft Visual Studio Solution File, Format Version 12.00
# Visual Studio Version 17
VisualStudioVersion = 17.14.36414.22 d17.14
MinimumVisualStudioVersion = 10.0.40219.1
Project("{FAE04EC0-301F-11D3-BF4B-00C04F79EFBC}") = "LINQ-Lesson", "LINQ-Lesson.csproj", "{D497355D-81A3-418F-926C-BF50DBF9D817}"
EndProject
Global
	GlobalSection(SolutionConfigurationPlatforms) = preSolution
		Debug|Any CPU = Debug|Any CPU
		Release|Any CPU = Release|Any CPU
	EndGlobalSection
	GlobalSection(ProjectConfigurationPlatforms) = postSolution
		{D497355D-81A3-418F-926C-BF50DBF9D817}.Debug|Any CPU.ActiveCfg = Debug|Any CPU
		{D497355D-81A3-418F-926C-BF50DBF9D817}.Debug|Any CPU.Build.0 = Debug|Any CPU
		{D497355D-81A3-418F-926C-BF50DBF9D817}.Release|Any CPU.ActiveCfg = Release|Any CPU
		{D497355D-81A3-418F-926C-BF50DBF9D817}.Release|Any CPU.Build.0 = Release|Any CPU
	EndGlobalSection
	GlobalSection(SolutionProperties) = preSolution
		HideSolutionNode = FALSE
	EndGlobalSection
	GlobalSection(ExtensibilityGlobals) = postSolution
		SolutionGuid = {771F0EBB-3B8E-4F30-A72B-C226A0F77700}
	EndGlobalSection
EndGlobal
